{
  "name": "@snappmarket/ui-alert",
  "version": "0.2.1-alpha.0",
  "lockfileVersion": 1,
  "requires": true,
  "dependencies": {
    "@snappmarket/icons": {
      "version": "0.2.1-alpha.0",
      "resolved": "https://registry.npmjs.org/@snappmarket/icons/-/icons-0.2.1-alpha.0.tgz",
      "integrity": "sha512-GWaHByn01PQ8x6Yw++zfvy26t/JCnBwPxuYGETgYZsUvMkuN2IlrSeFHuh5yVqpiZ4lMm96eWDthwwyjg9qaMg=="
    }
  }
}
