{
  "name": "@snappmarket/ui-alert",
  "version": "0.1.26",
  "lockfileVersion": 1,
  "requires": true,
  "dependencies": {
    "@snappmarket/icons": {
      "version": "0.1.25",
      "resolved": "https://registry.npmjs.org/@snappmarket/icons/-/icons-0.1.25.tgz",
      "integrity": "sha512-TwTTTmnEvvVmMELxQemTOzhWtqP+IH3BbTQwRGw7njiBbDa7ZPFWDBYmrZbD+wY9CaFoRJ6zbNHCwKxGqocwEw=="
    }
  }
}
